# This file is autogenerated, do not edit; changes may be undone by the next 'dep ensure'.


[[projects]]
  digest = "1:6331095c1906771fbe129fe4a1f94ac5b5a97b0f60f2f80653bb95c3e5dad81e"
  name = "github.com/Microsoft/go-winio"
  packages = ["."]
  pruneopts = ""
  revision = "7da180ee92d8bd8bb8c37fc560e673e6557c392f"
  version = "v0.4.7"

[[projects]]
  branch = "master"
  digest = "1:c0bec5f9b98d0bc872ff5e834fac186b807b656683bd29cb82fb207a1513fabb"
  name = "github.com/beorn7/perks"
  packages = ["quantile"]
  pruneopts = ""
  revision = "3a771d992973f24aa725d07868b467d1ddfceafb"

[[projects]]
  digest = "1:12b5968922fd301dde640dadf48871ce59393ab0d52980e51942f37e71432ee8"
  name = "github.com/buildkite/terminal"
  packages = ["."]
  pruneopts = ""
  revision = "05a77905c468b9150cac41298fdb8a0735024d42"
  version = "v3.1.0"

[[projects]]
  digest = "1:adc598c9be3072d09a9b1537284e74824de3e300133378f635a99fff2d967213"
  name = "github.com/caicloud/nirvana"
  packages = [
    ".",
    "definition",
    "errors",
    "log",
    "operators/validator",
    "plugins/metrics",
    "plugins/profiling",
    "service",
    "service/router",
  ]
  pruneopts = ""
  revision = "0cd8f02a9807e0ee3f738525d1b0c53457a77975"

[[projects]]
  digest = "1:56c130d885a4aacae1dd9c7b71cfe39912c7ebc1ff7d2b46083c8812996dc43b"
  name = "github.com/davecgh/go-spew"
  packages = ["spew"]
  pruneopts = ""
  revision = "346938d642f2ec3594ed81d874461961cd0faa76"
  version = "v1.1.0"

[[projects]]
  digest = "1:a9e4ff75555e4500e409dc87c1d708b090bb8dd77f889bbf266773f3dc23af70"
  name = "github.com/docker/distribution"
  packages = [
    "digest",
    "reference",
  ]
  pruneopts = ""
  revision = "48294d928ced5dd9b378f7fd7c6f5da3ff3f2c89"
  version = "v2.6.2"

[[projects]]
  digest = "1:a60acfb78bd12ce7b2101f0cc0bca8cd83db6aa60bf1e6ddfd33e83013083ddf"
  name = "github.com/docker/docker"
  packages = [
    "api/types",
    "api/types/blkiodev",
    "api/types/container",
    "api/types/events",
    "api/types/filters",
    "api/types/mount",
    "api/types/network",
    "api/types/reference",
    "api/types/registry",
    "api/types/strslice",
    "api/types/swarm",
    "api/types/time",
    "api/types/versions",
    "api/types/volume",
    "client",
    "pkg/tlsconfig",
  ]
  pruneopts = ""
  revision = "092cba3727bb9b4a2f0e922cd6c0f93ea270e363"
  version = "v1.13.1"

[[projects]]
  digest = "1:a5ecc2e70260a87aa263811281465a5effcfae8a54bac319cee87c4625f04d63"
  name = "github.com/docker/go-connections"
  packages = [
    "nat",
    "sockets",
    "tlsconfig",
  ]
  pruneopts = ""
  revision = "3ede32e2033de7505e6500d6c868c2b9ed9f169d"
  version = "v0.3.0"

[[projects]]
  digest = "1:a406cae5eda48c01f8171bd47beb038751393f25ac06774ce04f9d6b0b703f17"
  name = "github.com/docker/go-units"
  packages = ["."]
  pruneopts = ""
  revision = "0dadbb0345b35ec7ef35e228dabb8de89a65bf52"
  version = "v0.3.2"

[[projects]]
  digest = "1:803f51d668fce2c816ba46e8ac8c83ed8df3d37bf910dd8418711d1913f8e8fc"
  name = "github.com/fsouza/go-dockerclient"
  packages = [
    ".",
    "external/github.com/Sirupsen/logrus",
    "external/github.com/docker/docker/opts",
    "external/github.com/docker/docker/pkg/archive",
    "external/github.com/docker/docker/pkg/fileutils",
    "external/github.com/docker/docker/pkg/homedir",
    "external/github.com/docker/docker/pkg/idtools",
    "external/github.com/docker/docker/pkg/ioutils",
    "external/github.com/docker/docker/pkg/longpath",
    "external/github.com/docker/docker/pkg/pools",
    "external/github.com/docker/docker/pkg/promise",
    "external/github.com/docker/docker/pkg/stdcopy",
    "external/github.com/docker/docker/pkg/system",
    "external/github.com/docker/go-units",
    "external/github.com/hashicorp/go-cleanhttp",
    "external/github.com/opencontainers/runc/libcontainer/user",
    "external/golang.org/x/net/context",
    "external/golang.org/x/sys/unix",
  ]
  pruneopts = ""
  revision = "1d4f4ae73768d3ca16a6fb964694f58dc5eba601"
  version = "docker-1.9/go-1.4"

[[projects]]
  digest = "1:b13707423743d41665fd23f0c36b2f37bb49c30e94adb813319c44188a51ba22"
  name = "github.com/ghodss/yaml"
  packages = ["."]
  pruneopts = ""
  revision = "0ca9ea5df5451ffdf184b4428c902747c2c11cd7"
  version = "v1.0.0"

[[projects]]
  digest = "1:709292c015123a3bc69ea970dc9abd6667170e7fbf5cdeb10c6d14b250d3385f"
  name = "github.com/go-playground/locales"
  packages = [
    ".",
    "currency",
  ]
  pruneopts = ""
  revision = "f63010822830b6fe52288ee52d5a1151088ce039"
  version = "v0.12.1"

[[projects]]
  digest = "1:7ca0f6f2a364f603e843763d35c979b595d71159982791de27f9ec40d532876b"
  name = "github.com/go-playground/universal-translator"
  packages = ["."]
  pruneopts = ""
  revision = "b32fa301c9fe55953584134cb6853a13c87ec0a1"
  version = "v0.16.0"

[[projects]]
  digest = "1:0a3f6a0c68ab8f3d455f8892295503b179e571b7fefe47cc6c556405d1f83411"
  name = "github.com/gogo/protobuf"
  packages = [
    "proto",
    "sortkeys",
  ]
  pruneopts = ""
  revision = "1adfc126b41513cc696b209667c8656ea7aac67c"
  version = "v1.0.0"

[[projects]]
  digest = "1:ed314700d20eeaaa904b47e6fd3d4866f7bd14887a4904a9f69ec1e47385416f"
  name = "github.com/golang/glog"
  packages = ["."]
  pruneopts = ""
  revision = "44145f04b68cf362d9c4df2182967c2275eaefed"

[[projects]]
  digest = "1:73a7106c799f98af4f3da7552906efc6a2570329f4cd2d2f5fb8f9d6c053ff2f"
  name = "github.com/golang/mock"
  packages = ["gomock"]
  pruneopts = ""
  revision = "c34cdb4725f4c3844d095133c6e40e448b86589b"
  version = "v1.1.1"

[[projects]]
  digest = "1:bcb38c8fc9b21bb8682ce2d605a7d4aeb618abc7f827e3ac0b27c0371fdb23fb"
  name = "github.com/golang/protobuf"
  packages = [
    "proto",
    "ptypes",
    "ptypes/any",
    "ptypes/duration",
    "ptypes/timestamp",
  ]
  pruneopts = ""
  revision = "925541529c1fa6821df4e44ce2723319eb2be768"
  version = "v1.0.0"

[[projects]]
  branch = "master"
  digest = "1:be28c0531a755f2178acf1e327e6f5a8a3968feb5f2567cdc968064253141751"
  name = "github.com/google/btree"
  packages = ["."]
  pruneopts = ""
  revision = "e89373fe6b4a7413d7acd6da1725b83ef713e6e4"

[[projects]]
  digest = "1:e07438900a835105e8004276d174734d8265fdadb2483cb1290677b8d89afd2f"
  name = "github.com/google/go-github"
  packages = ["github"]
  pruneopts = ""
  revision = "796decd247300437ba695568862bcfab779ec98b"
  version = "v3.0.0"

[[projects]]
  branch = "master"
  digest = "1:9abc49f39e3e23e262594bb4fb70abf74c0c99e94f99153f43b143805e850719"
  name = "github.com/google/go-querystring"
  packages = ["query"]
  pruneopts = ""
  revision = "53e6ce116135b80d037921a7fdd5138cf32d7a8a"

[[projects]]
  branch = "master"
  digest = "1:754f77e9c839b24778a4b64422236d38515301d2baeb63113aa3edc42e6af692"
  name = "github.com/google/gofuzz"
  packages = ["."]
  pruneopts = ""
  revision = "24818f796faf91cd76ec7bddd72458fbced7a6c1"

[[projects]]
  digest = "1:2a131706ff80636629ab6373f2944569b8252ecc018cda8040931b05d32e3c16"
  name = "github.com/googleapis/gnostic"
  packages = [
    "OpenAPIv2",
    "compiler",
    "extensions",
  ]
  pruneopts = ""
  revision = "ee43cbb60db7bd22502942cccbc39059117352ab"
  version = "v0.1.0"

[[projects]]
  digest = "1:64d212c703a2b94054be0ce470303286b177ad260b2f89a307e3d1bb6c073ef6"
  name = "github.com/gorilla/websocket"
  packages = ["."]
  pruneopts = ""
  revision = "ea4d1f681babbce9545c9c5f3d5194a789c89f5b"
  version = "v1.2.0"

[[projects]]
  branch = "master"
  digest = "1:009a1928b8c096338b68b5822d838a72b4d8520715c1463614476359f3282ec8"
  name = "github.com/gregjones/httpcache"
  packages = [
    ".",
    "diskcache",
  ]
  pruneopts = ""
  revision = "9cad4c3443a7200dd6400aef47183728de563a38"

[[projects]]
  branch = "master"
  digest = "1:f81c8d7354cc0c6340f2f7a48724ee6c2b3db3e918ecd441c985b4d2d97dd3e7"
  name = "github.com/howeyc/gopass"
  packages = ["."]
  pruneopts = ""
  revision = "bf9dde6d0d2c004a008c27aaee91170c786f6db8"

[[projects]]
  digest = "1:7ab38c15bd21e056e3115c8b526d201eaf74e0308da9370997c6b3c187115d36"
  name = "github.com/imdario/mergo"
  packages = ["."]
  pruneopts = ""
  revision = "9f23e2d6bd2a77f959b2bf6acdbefd708a83a4a4"
  version = "v0.3.6"

[[projects]]
  digest = "1:9eab2325abbed0ebcee9d44bb3660a69d5d10e42d5ac4a0e77f7a6ea22bfce88"
  name = "github.com/json-iterator/go"
  packages = ["."]
  pruneopts = ""
  revision = "ca39e5af3ece67bbcda3d0f4f56a8e24d9f2dad4"
  version = "1.1.3"

[[projects]]
  digest = "1:d26c006cbf54ca5c040463d5678013169e2bd91fb62c2f960ae283a1723d4278"
  name = "github.com/juju/ratelimit"
  packages = ["."]
  pruneopts = ""
  revision = "59fac5042749a5afb9af70e813da1dd5474f0167"
  version = "1.0.1"

[[projects]]
  digest = "1:63722a4b1e1717be7b98fc686e0b30d5e7f734b9e93d7dee86293b6deab7ea28"
  name = "github.com/matttproud/golang_protobuf_extensions"
  packages = ["pbutil"]
  pruneopts = ""
  revision = "c12348ce28de40eed0136aa2b644d0ee0650e56c"
  version = "v1.0.1"

[[projects]]
  digest = "1:0c0ff2a89c1bb0d01887e1dac043ad7efbf3ec77482ef058ac423d13497e16fd"
  name = "github.com/modern-go/concurrent"
  packages = ["."]
  pruneopts = ""
  revision = "bacd9c7ef1dd9b15be4a9909b8ac7a4e313eec94"
  version = "1.0.3"

[[projects]]
  digest = "1:420f9231f816eeca3ff5aab070caac3ed7f27e4d37ded96ce9de3d7a7a2e31ad"
  name = "github.com/modern-go/reflect2"
  packages = ["."]
  pruneopts = ""
  revision = "1df9eeb2bb81f327b96228865c5687bc2194af3f"
  version = "1.0.0"

[[projects]]
  digest = "1:dd148e06bd9564e7f7c982233922abb38c696eeec59b4f486a39cc4e55700a08"
  name = "github.com/mozillazg/go-slugify"
  packages = ["."]
  pruneopts = ""
  revision = "591116de2dd717fdb8c05e29fa3bf5d3f7ba8c87"
  version = "v0.2.0"

[[projects]]
  digest = "1:37e058aae81cb2b64e66d529a9146d26e506776723a0dfc24ec0f9e7e38a72bf"
  name = "github.com/mozillazg/go-unidecode"
  packages = [
    ".",
    "table",
  ]
  pruneopts = ""
  revision = "7ab3c72180eeb79ccb8746137e14d6b0a60dd685"
  version = "v0.1.0"

[[projects]]
  digest = "1:32b27072cd55bd2fb7244de0425943d125da6a552ae2b6517cdd965a662baf18"
  name = "github.com/onsi/ginkgo"
  packages = [
    ".",
    "config",
    "internal/codelocation",
    "internal/containernode",
    "internal/failer",
    "internal/leafnodes",
    "internal/remote",
    "internal/spec",
    "internal/spec_iterator",
    "internal/specrunner",
    "internal/suite",
    "internal/testingtproxy",
    "internal/writer",
    "reporters",
    "reporters/stenographer",
    "reporters/stenographer/support/go-colorable",
    "reporters/stenographer/support/go-isatty",
    "types",
  ]
  pruneopts = ""
  revision = "9eda700730cba42af70d53180f9dcce9266bc2bc"
  version = "v1.4.0"

[[projects]]
  digest = "1:a4e59d0b2821c983b58c317f141cd77df20570979632da8a7a352e5d12698de7"
  name = "github.com/onsi/gomega"
  packages = [
    ".",
    "format",
    "internal/assertion",
    "internal/asyncassertion",
    "internal/oraclematcher",
    "internal/testingtsupport",
    "matchers",
    "matchers/support/goraph/bipartitegraph",
    "matchers/support/goraph/edge",
    "matchers/support/goraph/node",
    "matchers/support/goraph/util",
    "types",
  ]
  pruneopts = ""
  revision = "c893efa28eb45626cdaa76c9f653b62488858837"
  version = "v1.2.0"

[[projects]]
  branch = "master"
  digest = "1:c24598ffeadd2762552269271b3b1510df2d83ee6696c1e543a0ff653af494bc"
  name = "github.com/petar/GoLLRB"
  packages = ["llrb"]
  pruneopts = ""
  revision = "53be0d36a84c2a886ca057d34b6aa4468df9ccb4"

[[projects]]
  digest = "1:b46305723171710475f2dd37547edd57b67b9de9f2a6267cafdd98331fd6897f"
  name = "github.com/peterbourgon/diskv"
  packages = ["."]
  pruneopts = ""
  revision = "5f041e8faa004a95c88a202771f4cc3e991971e6"
  version = "v2.0.1"

[[projects]]
  digest = "1:7365acd48986e205ccb8652cc746f09c8b7876030d53710ea6ef7d0bd0dcd7ca"
  name = "github.com/pkg/errors"
  packages = ["."]
  pruneopts = ""
  revision = "645ef00459ed84a119197bfb8d8205042c6df63d"
  version = "v0.8.0"

[[projects]]
  digest = "1:256484dbbcd271f9ecebc6795b2df8cad4c458dd0f5fd82a8c2fa0c29f233411"
  name = "github.com/pmezard/go-difflib"
  packages = ["difflib"]
  pruneopts = ""
  revision = "792786c7400a136282c1664665ae0a8db921c6c2"
  version = "v1.0.0"

[[projects]]
  digest = "1:4142d94383572e74b42352273652c62afec5b23f325222ed09198f46009022d1"
  name = "github.com/prometheus/client_golang"
  packages = [
    "prometheus",
    "prometheus/promhttp",
  ]
  pruneopts = ""
  revision = "c5b7fccd204277076155f10851dad72b76a49317"
  version = "v0.8.0"

[[projects]]
  digest = "1:60aca47f4eeeb972f1b9da7e7db51dee15ff6c59f7b401c1588b8e6771ba15ef"
  name = "github.com/prometheus/client_model"
  packages = ["go"]
  pruneopts = ""
  revision = "99fa1f4be8e564e8a6b613da7fa6f46c9edafc6c"

[[projects]]
  branch = "master"
  digest = "1:f477ef7b65d94fb17574fc6548cef0c99a69c1634ea3b6da248b63a61ebe0498"
  name = "github.com/prometheus/common"
  packages = [
    "expfmt",
    "internal/bitbucket.org/ww/goautoneg",
    "model",
  ]
  pruneopts = ""
  revision = "c7de2306084e37d54b8be01f3541a8464345e9a5"

[[projects]]
  branch = "master"
  digest = "1:e04aaa0e8f8da0ed3d6c0700bd77eda52a47f38510063209d72d62f0ef807d5e"
  name = "github.com/prometheus/procfs"
  packages = [
    ".",
    "internal/util",
    "nfs",
    "xfs",
  ]
  pruneopts = ""
  revision = "05ee40e3a273f7245e8777337fc7b46e533a9a92"

[[projects]]
  digest = "1:261bc565833ef4f02121450d74eb88d5ae4bd74bfe5d0e862cddb8550ec35000"
  name = "github.com/spf13/pflag"
  packages = ["."]
  pruneopts = ""
  revision = "e57e3eeb33f795204c1ca35f56c44f83227c6e66"
  version = "v1.0.0"

[[projects]]
  digest = "1:3926a4ec9a4ff1a072458451aa2d9b98acd059a45b38f7335d31e06c3d6a0159"
  name = "github.com/stretchr/testify"
  packages = ["assert"]
  pruneopts = ""
  revision = "69483b4bd14f5845b5a1e55bca19e954e827f1d0"
  version = "v1.1.4"

[[projects]]
  digest = "1:26815db1c3ebc5c421922d8f72aff550cb6d9a27d2fb6fe6a491ef8e6fda93bc"
  name = "github.com/xanzy/go-gitlab"
  packages = ["."]
  pruneopts = ""
  revision = "9f4cdd1f0e436cb7208077e645a05bce5f36fcbd"
  version = "v0.4.1"

[[projects]]
  branch = "master"
  digest = "1:76faa3438b4f192f554d12e982d0953209b8701c3e9b998122de50dff303a7d6"
  name = "github.com/zoumo/logdog"
  packages = [
    ".",
    "pkg/pythonic",
    "pkg/when",
  ]
  pruneopts = ""
  revision = "f8d72e099cbfb61fcb6149e66f76976133ce5794"

[[projects]]
  branch = "master"
  digest = "1:34bc4fd7c8c57d5f4b10e22f015b85917b324c8dfd1aabbe8c8c6e4290b86d77"
  name = "github.com/zoumo/register"
  packages = ["."]
  pruneopts = ""
  revision = "6efd25730b1c4eed0eacabe2241042ed5e57f405"

[[projects]]
  branch = "master"
  digest = "1:5de4dd09c6356b1bb6785caeef425147708c21cfbe4afb23324a7cd30d24942b"
  name = "golang.org/x/crypto"
  packages = ["ssh/terminal"]
  pruneopts = ""
  revision = "88942b9c40a4c9d203b82b3731787b672d6e809b"

[[projects]]
  branch = "master"
  digest = "1:58977d25cdcfe647173e2282e77f88797750d8124ad7417174afcaea301d4a6a"
  name = "golang.org/x/net"
  packages = [
    "context",
    "context/ctxhttp",
    "html",
    "html/atom",
    "html/charset",
    "http2",
    "http2/hpack",
    "idna",
    "lex/httplex",
    "proxy",
    "websocket",
  ]
  pruneopts = ""
  revision = "6078986fec03a1dcc236c34816c71b0e05018fda"

[[projects]]
  branch = "master"
  digest = "1:e13a60dfc223b012633d565ce8a0a39530ce9ed00ee6b6a159279ac918ef936e"
  name = "golang.org/x/oauth2"
  packages = [
    ".",
    "internal",
  ]
  pruneopts = ""
  revision = "fdc9e635145ae97e6c2cb777c48305600cf515cb"

[[projects]]
  branch = "master"
  digest = "1:8675fd58d5c65344674f1c47ff1dde63503fb63d115fac53c4ccd68e8167c940"
  name = "golang.org/x/sys"
  packages = [
    "unix",
    "windows",
  ]
  pruneopts = ""
  revision = "91ee8cde435411ca3f1cd365e8f20131aed4d0a1"

[[projects]]
  digest = "1:5acd3512b047305d49e8763eef7ba423901e85d5dd2fd1e71778a0ea8de10bd4"
  name = "golang.org/x/text"
  packages = [
    "collate",
    "collate/build",
    "encoding",
    "encoding/charmap",
    "encoding/htmlindex",
    "encoding/internal",
    "encoding/internal/identifier",
    "encoding/japanese",
    "encoding/korean",
    "encoding/simplifiedchinese",
    "encoding/traditionalchinese",
    "encoding/unicode",
    "internal/colltab",
    "internal/gen",
    "internal/tag",
    "internal/triegen",
    "internal/ucd",
    "internal/utf8internal",
    "language",
    "runes",
    "secure/bidirule",
    "transform",
    "unicode/bidi",
    "unicode/cldr",
    "unicode/norm",
    "unicode/rangetable",
  ]
  pruneopts = ""
  revision = "f21a4dfb5e38f5895301dc265a8def02365cc3d0"
  version = "v0.3.0"

[[projects]]
  digest = "1:934fb8966f303ede63aa405e2c8d7f0a427a05ea8df335dfdc1833dd4d40756f"
  name = "google.golang.org/appengine"
  packages = [
    "internal",
    "internal/base",
    "internal/datastore",
    "internal/log",
    "internal/remote_api",
    "internal/urlfetch",
    "urlfetch",
  ]
  pruneopts = ""
  revision = "150dc57a1b433e64154302bdc40b6bb8aefa313a"
  version = "v1.0.0"

[[projects]]
  branch = "v3"
  digest = "1:fa33d1dde8ce5b0b37c38c767c250a7684ecd385f9dbabe594ea8543e4d55807"
  name = "gopkg.in/alexcesaro/quotedprintable.v3"
  packages = ["."]
  pruneopts = ""
  revision = "2caba252f4dc53eaf6b553000885530023f54623"

[[projects]]
  digest = "1:1bf3b097be03093777f984614d67c4550f8295cdf3b6eb8759ed08e97d417c40"
  name = "gopkg.in/go-playground/validator.v9"
  packages = ["."]
  pruneopts = ""
  revision = "e69e9a28bb62b977fdc58d051f1bb477b7cbe486"
  version = "v9.21.0"

[[projects]]
  digest = "1:cba75ccf02d7b1d508f860e1f579a986e6b94ccc26841d6dd67d18cd1196e132"
  name = "gopkg.in/gomail.v2"
  packages = ["."]
  pruneopts = ""
  revision = "41f3572897373c5538c50a2402db15db079fa4fd"
  version = "2.0.0"

[[projects]]
  digest = "1:e5d1fb981765b6f7513f793a3fcaac7158408cca77f75f7311ac82cc88e9c445"
  name = "gopkg.in/inf.v0"
  packages = ["."]
  pruneopts = ""
  revision = "3887ee99ecf07df5b447e9b00d9c0b2adaa9f3e4"
  version = "v0.9.0"

[[projects]]
  branch = "v2"
  digest = "1:c80894778314c7fb90d94a5ab925214900e1341afeddc953cda7398b8cdcd006"
  name = "gopkg.in/mgo.v2"
  packages = [
    ".",
    "bson",
    "internal/json",
    "internal/sasl",
    "internal/scram",
  ]
  pruneopts = ""
  revision = "3f83fa5005286a7fe593b055f0d7771a7dce4655"

[[projects]]
  digest = "1:e85837cb04b78f61688c6eba93ea9d14f60d611e2aaf8319999b1a60d2dafbfa"
  name = "gopkg.in/urfave/cli.v1"
  packages = ["."]
  pruneopts = ""
  revision = "cfb38830724cc34fedffe9a2a29fb54fa9169cd1"
  version = "v1.20.0"

[[projects]]
  digest = "1:ab27659233f208861f8fb0cc9d2108cf46f8d32b1982a68ac99735a57204aaf2"
  name = "gopkg.in/xanzy/go-gitlab.v0"
  packages = ["."]
  pruneopts = ""
  revision = "26ea551e8c159cea42a9f206bc18ae5884d44d0c"
  version = "v0.10.5"

[[projects]]
  digest = "1:f0620375dd1f6251d9973b5f2596228cc8042e887cd7f827e4220bc1ce8c30e2"
  name = "gopkg.in/yaml.v2"
  packages = ["."]
  pruneopts = ""
  revision = "5420a8b6744d3b0345ab293f6fcba19c978f1183"
  version = "v2.2.1"

[[projects]]
  branch = "master"
  digest = "1:f45ea7ef3df0c70017c3bb14483f757952c20744e0155d053b5db2351badb95f"
  name = "k8s.io/api"
  packages = [
    "admissionregistration/v1alpha1",
    "admissionregistration/v1beta1",
    "apps/v1",
    "apps/v1beta1",
    "apps/v1beta2",
    "authentication/v1",
    "authentication/v1beta1",
    "authorization/v1",
    "authorization/v1beta1",
    "autoscaling/v1",
    "autoscaling/v2beta1",
    "batch/v1",
    "batch/v1beta1",
    "batch/v2alpha1",
    "certificates/v1beta1",
    "core/v1",
    "events/v1beta1",
    "extensions/v1beta1",
    "networking/v1",
    "policy/v1beta1",
    "rbac/v1",
    "rbac/v1alpha1",
    "rbac/v1beta1",
    "scheduling/v1alpha1",
    "settings/v1alpha1",
    "storage/v1",
    "storage/v1alpha1",
    "storage/v1beta1",
  ]
  pruneopts = ""
  revision = "7e796de92438aede7cb5d6bcf6c10f4fa65db560"

[[projects]]
  branch = "master"
  digest = "1:ce01f766b6b74d319420ab7f8493796ed83287187a352947fbef49fd21cfb531"
  name = "k8s.io/apimachinery"
  packages = [
    "pkg/api/errors",
    "pkg/api/meta",
    "pkg/api/resource",
    "pkg/apis/meta/v1",
    "pkg/apis/meta/v1/unstructured",
    "pkg/apis/meta/v1beta1",
    "pkg/conversion",
    "pkg/conversion/queryparams",
    "pkg/fields",
    "pkg/labels",
    "pkg/runtime",
    "pkg/runtime/schema",
    "pkg/runtime/serializer",
    "pkg/runtime/serializer/json",
    "pkg/runtime/serializer/protobuf",
    "pkg/runtime/serializer/recognizer",
    "pkg/runtime/serializer/streaming",
    "pkg/runtime/serializer/versioning",
    "pkg/selection",
    "pkg/types",
    "pkg/util/clock",
    "pkg/util/errors",
    "pkg/util/framer",
    "pkg/util/intstr",
    "pkg/util/json",
    "pkg/util/net",
    "pkg/util/runtime",
    "pkg/util/sets",
    "pkg/util/validation",
    "pkg/util/validation/field",
    "pkg/util/wait",
    "pkg/util/yaml",
    "pkg/version",
    "pkg/watch",
    "third_party/forked/golang/reflect",
  ]
  pruneopts = ""
  revision = "b94e5e603d6eb10ccb65a504f538ca1ae4ef92df"

[[projects]]
  digest = "1:e0cde0b53f1a353cc5fe6d86e9d41a41280b6395ab11d6c4f8f2f82593154ed6"
  name = "k8s.io/client-go"
  packages = [
    "discovery",
    "kubernetes",
    "kubernetes/scheme",
    "kubernetes/typed/admissionregistration/v1alpha1",
    "kubernetes/typed/admissionregistration/v1beta1",
    "kubernetes/typed/apps/v1",
    "kubernetes/typed/apps/v1beta1",
    "kubernetes/typed/apps/v1beta2",
    "kubernetes/typed/authentication/v1",
    "kubernetes/typed/authentication/v1beta1",
    "kubernetes/typed/authorization/v1",
    "kubernetes/typed/authorization/v1beta1",
    "kubernetes/typed/autoscaling/v1",
    "kubernetes/typed/autoscaling/v2beta1",
    "kubernetes/typed/batch/v1",
    "kubernetes/typed/batch/v1beta1",
    "kubernetes/typed/batch/v2alpha1",
    "kubernetes/typed/certificates/v1beta1",
    "kubernetes/typed/core/v1",
    "kubernetes/typed/events/v1beta1",
    "kubernetes/typed/extensions/v1beta1",
    "kubernetes/typed/networking/v1",
    "kubernetes/typed/policy/v1beta1",
    "kubernetes/typed/rbac/v1",
    "kubernetes/typed/rbac/v1alpha1",
    "kubernetes/typed/rbac/v1beta1",
    "kubernetes/typed/scheduling/v1alpha1",
    "kubernetes/typed/settings/v1alpha1",
    "kubernetes/typed/storage/v1",
    "kubernetes/typed/storage/v1alpha1",
    "kubernetes/typed/storage/v1beta1",
    "pkg/version",
    "rest",
    "rest/watch",
    "tools/auth",
    "tools/clientcmd",
    "tools/clientcmd/api",
    "tools/clientcmd/api/latest",
    "tools/clientcmd/api/v1",
    "tools/metrics",
    "tools/reference",
    "transport",
    "util/cert",
    "util/flowcontrol",
    "util/homedir",
    "util/integer",
  ]
  pruneopts = ""
  revision = "78700dec6369ba22221b72770783300f143df150"
  version = "v6.0.0"

[solve-meta]
  analyzer-name = "dep"
  analyzer-version = 1
  input-imports = [
    "github.com/buildkite/terminal",
    "github.com/caicloud/nirvana",
    "github.com/caicloud/nirvana/definition",
    "github.com/caicloud/nirvana/errors",
    "github.com/caicloud/nirvana/log",
    "github.com/caicloud/nirvana/operators/validator",
    "github.com/caicloud/nirvana/plugins/metrics",
    "github.com/caicloud/nirvana/plugins/profiling",
    "github.com/caicloud/nirvana/service",
    "github.com/docker/docker/api/types",
    "github.com/docker/docker/api/types/container",
    "github.com/docker/docker/api/types/filters",
    "github.com/docker/docker/client",
    "github.com/docker/go-connections/sockets",
    "github.com/docker/go-connections/tlsconfig",
    "github.com/fsouza/go-dockerclient",
    "github.com/golang/glog",
    "github.com/golang/mock/gomock",
    "github.com/google/go-github/github",
    "github.com/gorilla/websocket",
    "github.com/mozillazg/go-slugify",
    "github.com/onsi/ginkgo",
    "github.com/onsi/gomega",
    "github.com/stretchr/testify/assert",
    "github.com/xanzy/go-gitlab",
    "github.com/zoumo/logdog",
    "golang.org/x/net/websocket",
    "golang.org/x/oauth2",
    "gopkg.in/gomail.v2",
    "gopkg.in/mgo.v2",
    "gopkg.in/mgo.v2/bson",
    "gopkg.in/urfave/cli.v1",
    "gopkg.in/xanzy/go-gitlab.v0",
    "gopkg.in/yaml.v2",
    "k8s.io/api/core/v1",
    "k8s.io/apimachinery/pkg/api/resource",
    "k8s.io/apimachinery/pkg/apis/meta/v1",
    "k8s.io/client-go/kubernetes",
    "k8s.io/client-go/rest",
    "k8s.io/client-go/tools/clientcmd",
    "k8s.io/client-go/tools/clientcmd/api",
  ]
  solver-name = "gps-cdcl"
  solver-version = 1
