# THIS IS AN AUTOGENERATED FILE. DO NOT EDIT THIS FILE DIRECTLY.
# yarn lockfile v1


console-polyfill@^0.3.0:
  version "0.3.0"
  resolved "http://registry.npm.taobao.org/console-polyfill/download/console-polyfill-0.3.0.tgz#84900902a18c47a5eba932be75fa44d23e8af861"
  integrity sha1-hJAJAqGMR6XrqTK+dfpE0j6K+GE=

cookie@^0.3.1:
  version "0.3.1"
  resolved "http://registry.npm.taobao.org/cookie/download/cookie-0.3.1.tgz#e7e0a1f9ef43b4c8ba925c5c5a96e806d16873bb"
  integrity sha1-5+Ch+e9DtMi6klxcWpboBtFoc7s=

escape-html@^1.0.3:
  version "1.0.3"
  resolved "http://registry.npm.taobao.org/escape-html/download/escape-html-1.0.3.tgz#0258eae4d3d0c0974de1c169188ef0051d1d1988"
  integrity sha1-Aljq5NPQwJdN4cFpGI7wBR0dGYg=

intl-messageformat-parser@1.4.0:
  version "1.4.0"
  resolved "http://registry.npm.taobao.org/intl-messageformat-parser/download/intl-messageformat-parser-1.4.0.tgz#b43d45a97468cadbe44331d74bb1e8dea44fc075"
  integrity sha1-tD1FqXRoytvkQzHXS7Ho3qRPwHU=

intl-messageformat@^2.2.0:
  version "2.2.0"
  resolved "http://registry.npm.taobao.org/intl-messageformat/download/intl-messageformat-2.2.0.tgz#345bcd46de630b7683330c2e52177ff5eab484fc"
  integrity sha1-NFvNRt5jC3aDMwwuUhd/9eq0hPw=
  dependencies:
    intl-messageformat-parser "1.4.0"

intl@^1.2.5:
  version "1.2.5"
  resolved "http://registry.npm.taobao.org/intl/download/intl-1.2.5.tgz#82244a2190c4e419f8371f5aa34daa3420e2abde"
  integrity sha1-giRKIZDE5Bn4Nx9ao02qNCDiq94=

invariant@^2.2.2:
  version "2.2.4"
  resolved "http://registry.npm.taobao.org/invariant/download/invariant-2.2.4.tgz#610f3c92c9359ce1db616e538008d23ff35158e6"
  integrity sha1-YQ88ksk1nOHbYW5TgAjSP/NRWOY=
  dependencies:
    loose-envify "^1.0.0"

is-electron@^2.1.0:
  version "2.2.0"
  resolved "http://registry.npm.taobao.org/is-electron/download/is-electron-2.2.0.tgz#8943084f09e8b731b3a7a0298a7b5d56f6b7eef0"
  integrity sha1-iUMITwnotzGzp6ApintdVva37vA=

"js-tokens@^3.0.0 || ^4.0.0":
  version "4.0.0"
  resolved "http://registry.npm.taobao.org/js-tokens/download/js-tokens-4.0.0.tgz#19203fb59991df98e3a287050d4647cdeaf32499"
  integrity sha1-GSA/tZmR35jjoocFDUZHzerzJJk=

load-script@^1.0.0:
  version "1.0.0"
  resolved "http://registry.npm.taobao.org/load-script/download/load-script-1.0.0.tgz#0491939e0bee5643ee494a7e3da3d2bac70c6ca4"
  integrity sha1-BJGTngvuVkPuSUp+PaPSuscMbKQ=

lodash.merge@^4.6.1:
  version "4.6.1"
  resolved "http://registry.npm.taobao.org/lodash.merge/download/lodash.merge-4.6.1.tgz#adc25d9cb99b9391c59624f379fbba60d7111d54"
  integrity sha1-rcJdnLmbk5HFliTzefu6YNcRHVQ=

loose-envify@^1.0.0:
  version "1.4.0"
  resolved "http://registry.npm.taobao.org/loose-envify/download/loose-envify-1.4.0.tgz#71ee51fa7be4caec1a63839f7e682d8132d30caf"
  integrity sha1-ce5R+nvkyuwaY4OffmgtgTLTDK8=
  dependencies:
    js-tokens "^3.0.0 || ^4.0.0"

object-keys@^1.0.11:
  version "1.0.12"
  resolved "http://registry.npm.taobao.org/object-keys/download/object-keys-1.0.12.tgz#09c53855377575310cca62f55bb334abff7b3ed2"
  integrity sha1-CcU4VTd1dTEMymL1W7M0q/97PtI=

querystring@^0.2.0:
  version "0.2.0"
  resolved "http://registry.npm.taobao.org/querystring/download/querystring-0.2.0.tgz#b209849203bb25df820da756e747005878521620"
  integrity sha1-sgmEkgO7Jd+CDadW50cAWHhSFiA=

react-intl-universal@^1.15.4:
  version "1.15.4"
  resolved "http://registry.npm.taobao.org/react-intl-universal/download/react-intl-universal-1.15.4.tgz#977a59b2ce28a72624418563ed2afae6230ccf35"
  integrity sha1-l3pZss4opyYkQYVj7Sr65iMMzzU=
  dependencies:
    console-polyfill "^0.3.0"
    cookie "^0.3.1"
    escape-html "^1.0.3"
    intl "^1.2.5"
    intl-messageformat "^2.2.0"
    invariant "^2.2.2"
    is-electron "^2.1.0"
    load-script "^1.0.0"
    lodash.merge "^4.6.1"
    object-keys "^1.0.11"
    querystring "^0.2.0"
